
Microsoft Visual Studio Solution File, Format Version 12.00
# Visual Studio 15
VisualStudioVersion = 15.0.28307.572
MinimumVisualStudioVersion = 10.0.40219.1
Project("{FAE04EC0-301F-11D3-BF4B-00C04F79EFBC}") = "CopyDllsToProficy", "CopyDllsToProficy\CopyDllsToProficy.csproj", "{FF058B65-E41F-4013-BBCF-F57B18F74455}"
EndProject
Global
	GlobalSection(SolutionConfigurationPlatforms) = preSolution
		Debug|Any CPU = Debug|Any CPU
		Release|Any CPU = Release|Any CPU
	EndGlobalSection
	GlobalSection(ProjectConfigurationPlatforms) = postSolution
		{FF058B65-E41F-4013-BBCF-F57B18F74455}.Debug|Any CPU.ActiveCfg = Debug|Any CPU
		{FF058B65-E41F-4013-BBCF-F57B18F74455}.Debug|Any CPU.Build.0 = Debug|Any CPU
		{FF058B65-E41F-4013-BBCF-F57B18F74455}.Release|Any CPU.ActiveCfg = Release|Any CPU
		{FF058B65-E41F-4013-BBCF-F57B18F74455}.Release|Any CPU.Build.0 = Release|Any CPU
	EndGlobalSection
	GlobalSection(SolutionProperties) = preSolution
		HideSolutionNode = FALSE
	EndGlobalSection
	GlobalSection(ExtensibilityGlobals) = postSolution
		SolutionGuid = {6C5C0084-4CCE-4EE5-8C50-2A39BF6EEA00}
	EndGlobalSection
EndGlobal
